{
  "name": "mareo",
  "version": "0.0.0",
  "lockfileVersion": 1,
  "requires": true,
  "dependencies": {
    "bindings": {
      "version": "1.5.0",
      "resolved": "https://registry.npmjs.org/bindings/-/bindings-1.5.0.tgz",
      "integrity": "sha512-p2q/t/mhvuOj/UeLlV6566GD/guowlr0hHxClI0W9m7MWYkL1F0hLo+0Aexs9HSPCtR1SXQ0TD3MMKrXZajbiQ==",
      "dev": true,
      "optional": true,
      "requires": {
        "file-uri-to-path": "1.0.0"
      }
    },
    "bs-platform": {
      "version": "7.3.2",
      "resolved": "https://registry.npmjs.org/bs-platform/-/bs-platform-7.3.2.tgz",
      "integrity": "sha512-seJL5g4anK9la4erv+B2o2sMHQCxDF6OCRl9en3hbaUos/S3JsusQ0sPp4ORsbx5eXfHLYBwPljwKXlgpXtsgQ==",
      "dev": true
    },
    "file-uri-to-path": {
      "version": "1.0.0",
      "resolved": "https://registry.npmjs.org/file-uri-to-path/-/file-uri-to-path-1.0.0.tgz",
      "integrity": "sha512-0Zt+s3L7Vf1biwWZ29aARiVYLx7iMGnEUl9x33fbB/j3jR81u/O2LbqK+Bm1CDSNDKVtJ/YjwY7TUd5SkeLQLw==",
      "dev": true,
      "optional": true
    },
    "nan": {
      "version": "2.14.1",
      "resolved": "https://registry.npmjs.org/nan/-/nan-2.14.1.tgz",
      "integrity": "sha512-isWHgVjnFjh2x2yuJ/tj3JbwoHu3UC2dX5G/88Cm24yB6YopVgxvBObDY7n5xW6ExmFhJpSEQqFPvq9zaXc8Jw==",
      "dev": true,
      "optional": true
    },
    "reanalyze": {
      "version": "2.6.0",
      "resolved": "https://registry.npmjs.org/reanalyze/-/reanalyze-2.6.0.tgz",
      "integrity": "sha512-E/QANBkFCMxDfezAlgXRU2fFExGhp6K/hoFPvUnIdHHpGQ3ONW2CoHw6Jje+KZ4LwNqq8ZbfiMeYmIyA99O/+w==",
      "dev": true
    },
    "rollup": {
      "version": "0.43.1",
      "resolved": "https://registry.npmjs.org/rollup/-/rollup-0.43.1.tgz",
      "integrity": "sha512-Y/7r6bE1sSpvBoMNZpSWKGHM2q67YxzBADbsfVqMf+nM6SbsQnU7BPMdrE3m/GiT46BQMN8BwFGhjukQP8Yy0A==",
      "dev": true,
      "requires": {
        "source-map-support": "^0.4.0",
        "weak": "^1.0.1"
      }
    },
    "source-map": {
      "version": "0.5.7",
      "resolved": "https://registry.npmjs.org/source-map/-/source-map-0.5.7.tgz",
      "integrity": "sha1-igOdLRAh0i0eoUyA2OpGi6LvP8w=",
      "dev": true
    },
    "source-map-support": {
      "version": "0.4.18",
      "resolved": "https://registry.npmjs.org/source-map-support/-/source-map-support-0.4.18.tgz",
      "integrity": "sha512-try0/JqxPLF9nOjvSta7tVondkP5dwgyLDjVoyMDlmjugT2lRZ1OfsrYTkCd2hkDnJTKRbO/Rl3orm8vlsUzbA==",
      "dev": true,
      "requires": {
        "source-map": "^0.5.6"
      }
    },
    "weak": {
      "version": "1.0.1",
      "resolved": "https://registry.npmjs.org/weak/-/weak-1.0.1.tgz",
      "integrity": "sha1-q5mqswcGlZqgIAy4z1RbucszuZ4=",
      "dev": true,
      "optional": true,
      "requires": {
        "bindings": "^1.2.1",
        "nan": "^2.0.5"
      }
    }
  }
}
